// !$*UTF8*$!
{
	archiveVersion = 1;
	classes = {
	};
	objectVersion = 56;
	objects = {

/* Begin PBXBuildFile section */
		D3ADAA3C2D3D924300BB6D18 /* AppDelegate.swift in Sources */ = {isa = PBXBuildFile; fileRef = D3ADAA3B2D3D924300BB6D18 /* AppDelegate.swift */; };
		D3ADAA3E2D3D924300BB6D18 /* SceneDelegate.swift in Sources */ = {isa = PBXBuildFile; fileRef = D3ADAA3D2D3D924300BB6D18 /* SceneDelegate.swift */; };
		D3ADAA402D3D924300BB6D18 /* ViewController.swift in Sources */ = {isa = PBXBuildFile; fileRef = D3ADAA3F2D3D924300BB6D18 /* ViewController.swift */; };
		D3ADAA452D3D924600BB6D18 /* Assets.xcassets in Resources */ = {isa = PBXBuildFile; fileRef = D3ADAA442D3D924600BB6D18 /* Assets.xcassets */; };
		D3ADAA482D3D924600BB6D18 /* Base in Resources */ = {isa = PBXBuildFile; fileRef = D3ADAA472D3D924600BB6D18 /* Base */; };
		D3ADAA532D3D924600BB6D18 /* SimpleWeatherAppTests.swift in Sources */ = {isa = PBXBuildFile; fileRef = D3ADAA522D3D924600BB6D18 /* SimpleWeatherAppTests.swift */; };
		D3ADAA5D2D3D924600BB6D18 /* SimpleWeatherAppUITests.swift in Sources */ = {isa = PBXBuildFile; fileRef = D3ADAA5C2D3D924600BB6D18 /* SimpleWeatherAppUITests.swift */; };
		D3ADAA5F2D3D924600BB6D18 /* SimpleWeatherAppUITestsLaunchTests.swift in Sources */ = {isa = PBXBuildFile; fileRef = D3ADAA5E2D3D924600BB6D18 /* SimpleWeatherAppUITestsLaunchTests.swift */; };
		D3ADAA6C2D3D927F00BB6D18 /* WeatherModel.swift in Sources */ = {isa = PBXBuildFile; fileRef = D3ADAA6B2D3D927F00BB6D18 /* WeatherModel.swift */; };
		D3ADAA6E2D3D929800BB6D18 /* WeatherService.swift in Sources */ = {isa = PBXBuildFile; fileRef = D3ADAA6D2D3D929800BB6D18 /* WeatherService.swift */; };
		D3ADAA702D3D9CA500BB6D18 /* ViewControllerUI.swift in Sources */ = {isa = PBXBuildFile; fileRef = D3ADAA6F2D3D9CA500BB6D18 /* ViewControllerUI.swift */; };
/* End PBXBuildFile section */

/* Begin PBXContainerItemProxy section */
		D3ADAA4F2D3D924600BB6D18 /* PBXContainerItemProxy */ = {
			isa = PBXContainerItemProxy;
			containerPortal = D3ADAA302D3D924300BB6D18 /* Project object */;
			proxyType = 1;
			remoteGlobalIDString = D3ADAA372D3D924300BB6D18;
			remoteInfo = SimpleWeatherApp;
		};
		D3ADAA592D3D924600BB6D18 /* PBXContainerItemProxy */ = {
			isa = PBXContainerItemProxy;
			containerPortal = D3ADAA302D3D924300BB6D18 /* Project object */;
			proxyType = 1;
			remoteGlobalIDString = D3ADAA372D3D924300BB6D18;
			remoteInfo = SimpleWeatherApp;
		};
/* End PBXContainerItemProxy section */

/* Begin PBXFileReference section */
		D3ADAA382D3D924300BB6D18 /* SimpleWeatherApp.app */ = {isa = PBXFileReference; explicitFileType = wrapper.application; includeInIndex = 0; path = SimpleWeatherApp.app; sourceTree = BUILT_PRODUCTS_DIR; };
		D3ADAA3B2D3D924300BB6D18 /* AppDelegate.swift */ = {isa = PBXFileReference; lastKnownFileType = sourcecode.swift; path = AppDelegate.swift; sourceTree = "<group>"; };
		D3ADAA3D2D3D924300BB6D18 /* SceneDelegate.swift */ = {isa = PBXFileReference; lastKnownFileType = sourcecode.swift; path = SceneDelegate.swift; sourceTree = "<group>"; };
		D3ADAA3F2D3D924300BB6D18 /* ViewController.swift */ = {isa = PBXFileReference; lastKnownFileType = sourcecode.swift; path = ViewController.swift; sourceTree = "<group>"; };
		D3ADAA442D3D924600BB6D18 /* Assets.xcassets */ = {isa = PBXFileReference; lastKnownFileType = folder.assetcatalog; path = Assets.xcassets; sourceTree = "<group>"; };
		D3ADAA472D3D924600BB6D18 /* Base */ = {isa = PBXFileReference; lastKnownFileType = file.storyboard; name = Base; path = Base.lproj/LaunchScreen.storyboard; sourceTree = "<group>"; };
		D3ADAA492D3D924600BB6D18 /* Info.plist */ = {isa = PBXFileReference; lastKnownFileType = text.plist.xml; path = Info.plist; sourceTree = "<group>"; };
		D3ADAA4E2D3D924600BB6D18 /* SimpleWeatherAppTests.xctest */ = {isa = PBXFileReference; explicitFileType = wrapper.cfbundle; includeInIndex = 0; path = SimpleWeatherAppTests.xctest; sourceTree = BUILT_PRODUCTS_DIR; };
		D3ADAA522D3D924600BB6D18 /* SimpleWeatherAppTests.swift */ = {isa = PBXFileReference; lastKnownFileType = sourcecode.swift; path = SimpleWeatherAppTests.swift; sourceTree = "<group>"; };
		D3ADAA582D3D924600BB6D18 /* SimpleWeatherAppUITests.xctest */ = {isa = PBXFileReference; explicitFileType = wrapper.cfbundle; includeInIndex = 0; path = SimpleWeatherAppUITests.xctest; sourceTree = BUILT_PRODUCTS_DIR; };
		D3ADAA5C2D3D924600BB6D18 /* SimpleWeatherAppUITests.swift */ = {isa = PBXFileReference; lastKnownFileType = sourcecode.swift; path = SimpleWeatherAppUITests.swift; sourceTree = "<group>"; };
		D3ADAA5E2D3D924600BB6D18 /* SimpleWeatherAppUITestsLaunchTests.swift */ = {isa = PBXFileReference; lastKnownFileType = sourcecode.swift; path = SimpleWeatherAppUITestsLaunchTests.swift; sourceTree = "<group>"; };
		D3ADAA6B2D3D927F00BB6D18 /* WeatherModel.swift */ = {isa = PBXFileReference; lastKnownFileType = sourcecode.swift; path = WeatherModel.swift; sourceTree = "<group>"; };
		D3ADAA6D2D3D929800BB6D18 /* WeatherService.swift */ = {isa = PBXFileReference; lastKnownFileType = sourcecode.swift; path = WeatherService.swift; sourceTree = "<group>"; };
		D3ADAA6F2D3D9CA500BB6D18 /* ViewControllerUI.swift */ = {isa = PBXFileReference; lastKnownFileType = sourcecode.swift; path = ViewControllerUI.swift; sourceTree = "<group>"; };
/* End PBXFileReference section */

/* Begin PBXFrameworksBuildPhase section */
		D3ADAA352D3D924300BB6D18 /* Frameworks */ = {
			isa = PBXFrameworksBuildPhase;
			buildActionMask = 2147483647;
			files = (
			);
			runOnlyForDeploymentPostprocessing = 0;
		};
		D3ADAA4B2D3D924600BB6D18 /* Frameworks */ = {
			isa = PBXFrameworksBuildPhase;
			buildActionMask = 2147483647;
			files = (
			);
			runOnlyForDeploymentPostprocessing = 0;
		};
		D3ADAA552D3D924600BB6D18 /* Frameworks */ = {
			isa = PBXFrameworksBuildPhase;
			buildActionMask = 2147483647;
			files = (
			);
			runOnlyForDeploymentPostprocessing = 0;
		};
/* End PBXFrameworksBuildPhase section */

/* Begin PBXGroup section */
		D3ADAA2F2D3D924300BB6D18 = {
			isa = PBXGroup;
			children = (
				D3ADAA3A2D3D924300BB6D18 /* SimpleWeatherApp */,
				D3ADAA512D3D924600BB6D18 /* SimpleWeatherAppTests */,
				D3ADAA5B2D3D924600BB6D18 /* SimpleWeatherAppUITests */,
				D3ADAA392D3D924300BB6D18 /* Products */,
			);
			sourceTree = "<group>";
		};
		D3ADAA392D3D924300BB6D18 /* Products */ = {
			isa = PBXGroup;
			children = (
				D3ADAA382D3D924300BB6D18 /* SimpleWeatherApp.app */,
				D3ADAA4E2D3D924600BB6D18 /* SimpleWeatherAppTests.xctest */,
				D3ADAA582D3D924600BB6D18 /* SimpleWeatherAppUITests.xctest */,
			);
			name = Products;
			sourceTree = "<group>";
		};
		D3ADAA3A2D3D924300BB6D18 /* SimpleWeatherApp */ = {
			isa = PBXGroup;
			children = (
				D3ADAA6F2D3D9CA500BB6D18 /* ViewControllerUI.swift */,
				D3ADAA3F2D3D924300BB6D18 /* ViewController.swift */,
				D3ADAA6B2D3D927F00BB6D18 /* WeatherModel.swift */,
				D3ADAA6D2D3D929800BB6D18 /* WeatherService.swift */,
				D3ADAA3B2D3D924300BB6D18 /* AppDelegate.swift */,
				D3ADAA3D2D3D924300BB6D18 /* SceneDelegate.swift */,
				D3ADAA442D3D924600BB6D18 /* Assets.xcassets */,
				D3ADAA462D3D924600BB6D18 /* LaunchScreen.storyboard */,
				D3ADAA492D3D924600BB6D18 /* Info.plist */,
			);
			path = SimpleWeatherApp;
			sourceTree = "<group>";
		};
		D3ADAA512D3D924600BB6D18 /* SimpleWeatherAppTests */ = {
			isa = PBXGroup;
			children = (
				D3ADAA522D3D924600BB6D18 /* SimpleWeatherAppTests.swift */,
			);
			path = SimpleWeatherAppTests;
			sourceTree = "<group>";
		};
		D3ADAA5B2D3D924600BB6D18 /* SimpleWeatherAppUITests */ = {
			isa = PBXGroup;
			children = (
				D3ADAA5C2D3D924600BB6D18 /* SimpleWeatherAppUITests.swift */,
				D3ADAA5E2D3D924600BB6D18 /* SimpleWeatherAppUITestsLaunchTests.swift */,
			);
			path = SimpleWeatherAppUITests;
			sourceTree = "<group>";
		};
/* End PBXGroup section */

/* Begin PBXNativeTarget section */
		D3ADAA372D3D924300BB6D18 /* SimpleWeatherApp */ = {
			isa = PBXNativeTarget;
			buildConfigurationList = D3ADAA622D3D924600BB6D18 /* Build configuration list for PBXNativeTarget "SimpleWeatherApp" */;
			buildPhases = (
				D3ADAA342D3D924300BB6D18 /* Sources */,
				D3ADAA352D3D924300BB6D18 /* Frameworks */,
				D3ADAA362D3D924300BB6D18 /* Resources */,
			);
			buildRules = (
			);
			dependencies = (
			);
			name = SimpleWeatherApp;
			productName = SimpleWeatherApp;
			productReference = D3ADAA382D3D924300BB6D18 /* SimpleWeatherApp.app */;
			productType = "com.apple.product-type.application";
		};
		D3ADAA4D2D3D924600BB6D18 /* SimpleWeatherAppTests */ = {
			isa = PBXNativeTarget;
			buildConfigurationList = D3ADAA652D3D924600BB6D18 /* Build configuration list for PBXNativeTarget "SimpleWeatherAppTests" */;
			buildPhases = (
				D3ADAA4A2D3D924600BB6D18 /* Sources */,
				D3ADAA4B2D3D924600BB6D18 /* Frameworks */,
				D3ADAA4C2D3D924600BB6D18 /* Resources */,
			);
			buildRules = (
			);
			dependencies = (
				D3ADAA502D3D924600BB6D18 /* PBXTargetDependency */,
			);
			name = SimpleWeatherAppTests;
			productName = SimpleWeatherAppTests;
			productReference = D3ADAA4E2D3D924600BB6D18 /* SimpleWeatherAppTests.xctest */;
			productType = "com.apple.product-type.bundle.unit-test";
		};
		D3ADAA572D3D924600BB6D18 /* SimpleWeatherAppUITests */ = {
			isa = PBXNativeTarget;
			buildConfigurationList = D3ADAA682D3D924600BB6D18 /* Build configuration list for PBXNativeTarget "SimpleWeatherAppUITests" */;
			buildPhases = (
				D3ADAA542D3D924600BB6D18 /* Sources */,
				D3ADAA552D3D924600BB6D18 /* Frameworks */,
				D3ADAA562D3D924600BB6D18 /* Resources */,
			);
			buildRules = (
			);
			dependencies = (
				D3ADAA5A2D3D924600BB6D18 /* PBXTargetDependency */,
			);
			name = SimpleWeatherAppUITests;
			productName = SimpleWeatherAppUITests;
			productReference = D3ADAA582D3D924600BB6D18 /* SimpleWeatherAppUITests.xctest */;
			productType = "com.apple.product-type.bundle.ui-testing";
		};
/* End PBXNativeTarget section */

/* Begin PBXProject section */
		D3ADAA302D3D924300BB6D18 /* Project object */ = {
			isa = PBXProject;
			attributes = {
				BuildIndependentTargetsInParallel = 1;
				LastSwiftUpdateCheck = 1540;
				LastUpgradeCheck = 1540;
				TargetAttributes = {
					D3ADAA372D3D924300BB6D18 = {
						CreatedOnToolsVersion = 15.4;
					};
					D3ADAA4D2D3D924600BB6D18 = {
						CreatedOnToolsVersion = 15.4;
						TestTargetID = D3ADAA372D3D924300BB6D18;
					};
					D3ADAA572D3D924600BB6D18 = {
						CreatedOnToolsVersion = 15.4;
						TestTargetID = D3ADAA372D3D924300BB6D18;
					};
				};
			};
			buildConfigurationList = D3ADAA332D3D924300BB6D18 /* Build configuration list for PBXProject "SimpleWeatherApp" */;
			compatibilityVersion = "Xcode 14.0";
			developmentRegion = en;
			hasScannedForEncodings = 0;
			knownRegions = (
				en,
				Base,
			);
			mainGroup = D3ADAA2F2D3D924300BB6D18;
			productRefGroup = D3ADAA392D3D924300BB6D18 /* Products */;
			projectDirPath = "";
			projectRoot = "";
			targets = (
				D3ADAA372D3D924300BB6D18 /* SimpleWeatherApp */,
				D3ADAA4D2D3D924600BB6D18 /* SimpleWeatherAppTests */,
				D3ADAA572D3D924600BB6D18 /* SimpleWeatherAppUITests */,
			);
		};
/* End PBXProject section */

/* Begin PBXResourcesBuildPhase section */
		D3ADAA362D3D924300BB6D18 /* Resources */ = {
			isa = PBXResourcesBuildPhase;
			buildActionMask = 2147483647;
			files = (
				D3ADAA452D3D924600BB6D18 /* Assets.xcassets in Resources */,
				D3ADAA482D3D924600BB6D18 /* Base in Resources */,
			);
			runOnlyForDeploymentPostprocessing = 0;
		};
		D3ADAA4C2D3D924600BB6D18 /* Resources */ = {
			isa = PBXResourcesBuildPhase;
			buildActionMask = 2147483647;
			files = (
			);
			runOnlyForDeploymentPostprocessing = 0;
		};
		D3ADAA562D3D924600BB6D18 /* Resources */ = {
			isa = PBXResourcesBuildPhase;
			buildActionMask = 2147483647;
			files = (
			);
			runOnlyForDeploymentPostprocessing = 0;
		};
/* End PBXResourcesBuildPhase section */

/* Begin PBXSourcesBuildPhase section */
		D3ADAA342D3D924300BB6D18 /* Sources */ = {
			isa = PBXSourcesBuildPhase;
			buildActionMask = 2147483647;
			files = (
				D3ADAA702D3D9CA500BB6D18 /* ViewControllerUI.swift in Sources */,
				D3ADAA6E2D3D929800BB6D18 /* WeatherService.swift in Sources */,
				D3ADAA402D3D924300BB6D18 /* ViewController.swift in Sources */,
				D3ADAA3C2D3D924300BB6D18 /* AppDelegate.swift in Sources */,
				D3ADAA6C2D3D927F00BB6D18 /* WeatherModel.swift in Sources */,
				D3ADAA3E2D3D924300BB6D18 /* SceneDelegate.swift in Sources */,
			);
			runOnlyForDeploymentPostprocessing = 0;
		};
		D3ADAA4A2D3D924600BB6D18 /* Sources */ = {
			isa = PBXSourcesBuildPhase;
			buildActionMask = 2147483647;
			files = (
				D3ADAA532D3D924600BB6D18 /* SimpleWeatherAppTests.swift in Sources */,
			);
			runOnlyForDeploymentPostprocessing = 0;
		};
		D3ADAA542D3D924600BB6D18 /* Sources */ = {
			isa = PBXSourcesBuildPhase;
			buildActionMask = 2147483647;
			files = (
				D3ADAA5D2D3D924600BB6D18 /* SimpleWeatherAppUITests.swift in Sources */,
				D3ADAA5F2D3D924600BB6D18 /* SimpleWeatherAppUITestsLaunchTests.swift in Sources */,
			);
			runOnlyForDeploymentPostprocessing = 0;
		};
/* End PBXSourcesBuildPhase section */

/* Begin PBXTargetDependency section */
		D3ADAA502D3D924600BB6D18 /* PBXTargetDependency */ = {
			isa = PBXTargetDependency;
			target = D3ADAA372D3D924300BB6D18 /* SimpleWeatherApp */;
			targetProxy = D3ADAA4F2D3D924600BB6D18 /* PBXContainerItemProxy */;
		};
		D3ADAA5A2D3D924600BB6D18 /* PBXTargetDependency */ = {
			isa = PBXTargetDependency;
			target = D3ADAA372D3D924300BB6D18 /* SimpleWeatherApp */;
			targetProxy = D3ADAA592D3D924600BB6D18 /* PBXContainerItemProxy */;
		};
/* End PBXTargetDependency section */

/* Begin PBXVariantGroup section */
		D3ADAA462D3D924600BB6D18 /* LaunchScreen.storyboard */ = {
			isa = PBXVariantGroup;
			children = (
				D3ADAA472D3D924600BB6D18 /* Base */,
			);
			name = LaunchScreen.storyboard;
			sourceTree = "<group>";
		};
/* End PBXVariantGroup section */

/* Begin XCBuildConfiguration section */
		D3ADAA602D3D924600BB6D18 /* Debug */ = {
			isa = XCBuildConfiguration;
			buildSettings = {
				ALWAYS_SEARCH_USER_PATHS = NO;
				ASSETCATALOG_COMPILER_GENERATE_SWIFT_ASSET_SYMBOL_EXTENSIONS = YES;
				CLANG_ANALYZER_NONNULL = YES;
				CLANG_ANALYZER_NUMBER_OBJECT_CONVERSION = YES_AGGRESSIVE;
				CLANG_CXX_LANGUAGE_STANDARD = "gnu++20";
				CLANG_ENABLE_MODULES = YES;
				CLANG_ENABLE_OBJC_ARC = YES;
				CLANG_ENABLE_OBJC_WEAK = YES;
				CLANG_WARN_BLOCK_CAPTURE_AUTORELEASING = YES;
				CLANG_WARN_BOOL_CONVERSION = YES;
				CLANG_WARN_COMMA = YES;
				CLANG_WARN_CONSTANT_CONVERSION = YES;
				CLANG_WARN_DEPRECATED_OBJC_IMPLEMENTATIONS = YES;
				CLANG_WARN_DIRECT_OBJC_ISA_USAGE = YES_ERROR;
				CLANG_WARN_DOCUMENTATION_COMMENTS = YES;
				CLANG_WARN_EMPTY_BODY = YES;
				CLANG_WARN_ENUM_CONVERSION = YES;
				CLANG_WARN_INFINITE_RECURSION = YES;
				CLANG_WARN_INT_CONVERSION = YES;
				CLANG_WARN_NON_LITERAL_NULL_CONVERSION = YES;
				CLANG_WARN_OBJC_IMPLICIT_RETAIN_SELF = YES;
				CLANG_WARN_OBJC_LITERAL_CONVERSION = YES;
				CLANG_WARN_OBJC_ROOT_CLASS = YES_ERROR;
				CLANG_WARN_QUOTED_INCLUDE_IN_FRAMEWORK_HEADER = YES;
				CLANG_WARN_RANGE_LOOP_ANALYSIS = YES;
				CLANG_WARN_STRICT_PROTOTYPES = YES;
				CLANG_WARN_SUSPICIOUS_MOVE = YES;
				CLANG_WARN_UNGUARDED_AVAILABILITY = YES_AGGRESSIVE;
				CLANG_WARN_UNREACHABLE_CODE = YES;
				CLANG_WARN__DUPLICATE_METHOD_MATCH = YES;
				COPY_PHASE_STRIP = NO;
				DEBUG_INFORMATION_FORMAT = dwarf;
				ENABLE_STRICT_OBJC_MSGSEND = YES;
				ENABLE_TESTABILITY = YES;
				ENABLE_USER_SCRIPT_SANDBOXING = YES;
				GCC_C_LANGUAGE_STANDARD = gnu17;
				GCC_DYNAMIC_NO_PIC = NO;
				GCC_NO_COMMON_BLOCKS = YES;
				GCC_OPTIMIZATION_LEVEL = 0;
				GCC_PREPROCESSOR_DEFINITIONS = (
					"DEBUG=1",
					"$(inherited)",
				);
				GCC_WARN_64_TO_32_BIT_CONVERSION = YES;
				GCC_WARN_ABOUT_RETURN_TYPE = YES_ERROR;
				GCC_WARN_UNDECLARED_SELECTOR = YES;
				GCC_WARN_UNINITIALIZED_AUTOS = YES_AGGRESSIVE;
				GCC_WARN_UNUSED_FUNCTION = YES;
				GCC_WARN_UNUSED_VARIABLE = YES;
				IPHONEOS_DEPLOYMENT_TARGET = 17.5;
				LOCALIZATION_PREFERS_STRING_CATALOGS = YES;
				MTL_ENABLE_DEBUG_INFO = INCLUDE_SOURCE;
				MTL_FAST_MATH = YES;
				ONLY_ACTIVE_ARCH = YES;
				SDKROOT = iphoneos;
				SWIFT_ACTIVE_COMPILATION_CONDITIONS = "DEBUG $(inherited)";
				SWIFT_OPTIMIZATION_LEVEL = "-Onone";
			};
			name = Debug;
		};
		D3ADAA612D3D924600BB6D18 /* Release */ = {
			isa = XCBuildConfiguration;
			buildSettings = {
				ALWAYS_SEARCH_USER_PATHS = NO;
				ASSETCATALOG_COMPILER_GENERATE_SWIFT_ASSET_SYMBOL_EXTENSIONS = YES;
				CLANG_ANALYZER_NONNULL = YES;
				CLANG_ANALYZER_NUMBER_OBJECT_CONVERSION = YES_AGGRESSIVE;
				CLANG_CXX_LANGUAGE_STANDARD = "gnu++20";
				CLANG_ENABLE_MODULES = YES;
				CLANG_ENABLE_OBJC_ARC = YES;
				CLANG_ENABLE_OBJC_WEAK = YES;
				CLANG_WARN_BLOCK_CAPTURE_AUTORELEASING = YES;
				CLANG_WARN_BOOL_CONVERSION = YES;
				CLANG_WARN_COMMA = YES;
				CLANG_WARN_CONSTANT_CONVERSION = YES;
				CLANG_WARN_DEPRECATED_OBJC_IMPLEMENTATIONS = YES;
				CLANG_WARN_DIRECT_OBJC_ISA_USAGE = YES_ERROR;
				CLANG_WARN_DOCUMENTATION_COMMENTS = YES;
				CLANG_WARN_EMPTY_BODY = YES;
				CLANG_WARN_ENUM_CONVERSION = YES;
				CLANG_WARN_INFINITE_RECURSION = YES;
				CLANG_WARN_INT_CONVERSION = YES;
				CLANG_WARN_NON_LITERAL_NULL_CONVERSION = YES;
				CLANG_WARN_OBJC_IMPLICIT_RETAIN_SELF = YES;
				CLANG_WARN_OBJC_LITERAL_CONVERSION = YES;
				CLANG_WARN_OBJC_ROOT_CLASS = YES_ERROR;
				CLANG_WARN_QUOTED_INCLUDE_IN_FRAMEWORK_HEADER = YES;
				CLANG_WARN_RANGE_LOOP_ANALYSIS = YES;
				CLANG_WARN_STRICT_PROTOTYPES = YES;
				CLANG_WARN_SUSPICIOUS_MOVE = YES;
				CLANG_WARN_UNGUARDED_AVAILABILITY = YES_AGGRESSIVE;
				CLANG_WARN_UNREACHABLE_CODE = YES;
				CLANG_WARN__DUPLICATE_METHOD_MATCH = YES;
				COPY_PHASE_STRIP = NO;
				DEBUG_INFORMATION_FORMAT = "dwarf-with-dsym";
				ENABLE_NS_ASSERTIONS = NO;
				ENABLE_STRICT_OBJC_MSGSEND = YES;
				ENABLE_USER_SCRIPT_SANDBOXING = YES;
				GCC_C_LANGUAGE_STANDARD = gnu17;
				GCC_NO_COMMON_BLOCKS = YES;
				GCC_WARN_64_TO_32_BIT_CONVERSION = YES;
				GCC_WARN_ABOUT_RETURN_TYPE = YES_ERROR;
				GCC_WARN_UNDECLARED_SELECTOR = YES;
				GCC_WARN_UNINITIALIZED_AUTOS = YES_AGGRESSIVE;
				GCC_WARN_UNUSED_FUNCTION = YES;
				GCC_WARN_UNUSED_VARIABLE = YES;
				IPHONEOS_DEPLOYMENT_TARGET = 17.5;
				LOCALIZATION_PREFERS_STRING_CATALOGS = YES;
				MTL_ENABLE_DEBUG_INFO = NO;
				MTL_FAST_MATH = YES;
				SDKROOT = iphoneos;
				SWIFT_COMPILATION_MODE = wholemodule;
				VALIDATE_PRODUCT = YES;
			};
			name = Release;
		};
		D3ADAA632D3D924600BB6D18 /* Debug */ = {
			isa = XCBuildConfiguration;
			buildSettings = {
				ASSETCATALOG_COMPILER_APPICON_NAME = AppIcon;
				ASSETCATALOG_COMPILER_GLOBAL_ACCENT_COLOR_NAME = AccentColor;
				CODE_SIGN_STYLE = Automatic;
				CURRENT_PROJECT_VERSION = 1;
				DEVELOPMENT_TEAM = 2ZCJ9C6AX2;
				GENERATE_INFOPLIST_FILE = YES;
				INFOPLIST_FILE = SimpleWeatherApp/Info.plist;
				INFOPLIST_KEY_UIApplicationSupportsIndirectInputEvents = YES;
				INFOPLIST_KEY_UILaunchStoryboardName = LaunchScreen;
				INFOPLIST_KEY_UISupportedInterfaceOrientations_iPad = "UIInterfaceOrientationPortrait UIInterfaceOrientationPortraitUpsideDown UIInterfaceOrientationLandscapeLeft UIInterfaceOrientationLandscapeRight";
				INFOPLIST_KEY_UISupportedInterfaceOrientations_iPhone = "UIInterfaceOrientationPortrait UIInterfaceOrientationLandscapeLeft UIInterfaceOrientationLandscapeRight";
				LD_RUNPATH_SEARCH_PATHS = (
					"$(inherited)",
					"@executable_path/Frameworks",
				);
				MARKETING_VERSION = 1.0;
				PRODUCT_BUNDLE_IDENTIFIER = com.umarfaruknasir.SimpleWeatherApp;
				PRODUCT_NAME = "$(TARGET_NAME)";
				SWIFT_EMIT_LOC_STRINGS = YES;
				SWIFT_VERSION = 5.0;
				TARGETED_DEVICE_FAMILY = "1,2";
			};
			name = Debug;
		};
		D3ADAA642D3D924600BB6D18 /* Release */ = {
			isa = XCBuildConfiguration;
			buildSettings = {
				ASSETCATALOG_COMPILER_APPICON_NAME = AppIcon;
				ASSETCATALOG_COMPILER_GLOBAL_ACCENT_COLOR_NAME = AccentColor;
				CODE_SIGN_STYLE = Automatic;
				CURRENT_PROJECT_VERSION = 1;
				DEVELOPMENT_TEAM = 2ZCJ9C6AX2;
				GENERATE_INFOPLIST_FILE = YES;
				INFOPLIST_FILE = SimpleWeatherApp/Info.plist;
				INFOPLIST_KEY_UIApplicationSupportsIndirectInputEvents = YES;
				INFOPLIST_KEY_UILaunchStoryboardName = LaunchScreen;
				INFOPLIST_KEY_UISupportedInterfaceOrientations_iPad = "UIInterfaceOrientationPortrait UIInterfaceOrientationPortraitUpsideDown UIInterfaceOrientationLandscapeLeft UIInterfaceOrientationLandscapeRight";
				INFOPLIST_KEY_UISupportedInterfaceOrientations_iPhone = "UIInterfaceOrientationPortrait UIInterfaceOrientationLandscapeLeft UIInterfaceOrientationLandscapeRight";
				LD_RUNPATH_SEARCH_PATHS = (
					"$(inherited)",
					"@executable_path/Frameworks",
				);
				MARKETING_VERSION = 1.0;
				PRODUCT_BUNDLE_IDENTIFIER = com.umarfaruknasir.SimpleWeatherApp;
				PRODUCT_NAME = "$(TARGET_NAME)";
				SWIFT_EMIT_LOC_STRINGS = YES;
				SWIFT_VERSION = 5.0;
				TARGETED_DEVICE_FAMILY = "1,2";
			};
			name = Release;
		};
		D3ADAA662D3D924600BB6D18 /* Debug */ = {
			isa = XCBuildConfiguration;
			buildSettings = {
				ALWAYS_EMBED_SWIFT_STANDARD_LIBRARIES = YES;
				BUNDLE_LOADER = "$(TEST_HOST)";
				CODE_SIGN_STYLE = Automatic;
				CURRENT_PROJECT_VERSION = 1;
				DEVELOPMENT_TEAM = 2ZCJ9C6AX2;
				GENERATE_INFOPLIST_FILE = YES;
				IPHONEOS_DEPLOYMENT_TARGET = 17.5;
				MARKETING_VERSION = 1.0;
				PRODUCT_BUNDLE_IDENTIFIER = com.umarfaruknasir.SimpleWeatherAppTests;
				PRODUCT_NAME = "$(TARGET_NAME)";
				SWIFT_EMIT_LOC_STRINGS = NO;
				SWIFT_VERSION = 5.0;
				TARGETED_DEVICE_FAMILY = "1,2";
				TEST_HOST = "$(BUILT_PRODUCTS_DIR)/SimpleWeatherApp.app/$(BUNDLE_EXECUTABLE_FOLDER_PATH)/SimpleWeatherApp";
			};
			name = Debug;
		};
		D3ADAA672D3D924600BB6D18 /* Release */ = {
			isa = XCBuildConfiguration;
			buildSettings = {
				ALWAYS_EMBED_SWIFT_STANDARD_LIBRARIES = YES;
				BUNDLE_LOADER = "$(TEST_HOST)";
				CODE_SIGN_STYLE = Automatic;
				CURRENT_PROJECT_VERSION = 1;
				DEVELOPMENT_TEAM = 2ZCJ9C6AX2;
				GENERATE_INFOPLIST_FILE = YES;
				IPHONEOS_DEPLOYMENT_TARGET = 17.5;
				MARKETING_VERSION = 1.0;
				PRODUCT_BUNDLE_IDENTIFIER = com.umarfaruknasir.SimpleWeatherAppTests;
				PRODUCT_NAME = "$(TARGET_NAME)";
				SWIFT_EMIT_LOC_STRINGS = NO;
				SWIFT_VERSION = 5.0;
				TARGETED_DEVICE_FAMILY = "1,2";
				TEST_HOST = "$(BUILT_PRODUCTS_DIR)/SimpleWeatherApp.app/$(BUNDLE_EXECUTABLE_FOLDER_PATH)/SimpleWeatherApp";
			};
			name = Release;
		};
		D3ADAA692D3D924600BB6D18 /* Debug */ = {
			isa = XCBuildConfiguration;
			buildSettings = {
				ALWAYS_EMBED_SWIFT_STANDARD_LIBRARIES = YES;
				CODE_SIGN_STYLE = Automatic;
				CURRENT_PROJECT_VERSION = 1;
				DEVELOPMENT_TEAM = 2ZCJ9C6AX2;
				GENERATE_INFOPLIST_FILE = YES;
				MARKETING_VERSION = 1.0;
				PRODUCT_BUNDLE_IDENTIFIER = com.umarfaruknasir.SimpleWeatherAppUITests;
				PRODUCT_NAME = "$(TARGET_NAME)";
				SWIFT_EMIT_LOC_STRINGS = NO;
				SWIFT_VERSION = 5.0;
				TARGETED_DEVICE_FAMILY = "1,2";
				TEST_TARGET_NAME = SimpleWeatherApp;
			};
			name = Debug;
		};
		D3ADAA6A2D3D924600BB6D18 /* Release */ = {
			isa = XCBuildConfiguration;
			buildSettings = {
				ALWAYS_EMBED_SWIFT_STANDARD_LIBRARIES = YES;
				CODE_SIGN_STYLE = Automatic;
				CURRENT_PROJECT_VERSION = 1;
				DEVELOPMENT_TEAM = 2ZCJ9C6AX2;
				GENERATE_INFOPLIST_FILE = YES;
				MARKETING_VERSION = 1.0;
				PRODUCT_BUNDLE_IDENTIFIER = com.umarfaruknasir.SimpleWeatherAppUITests;
				PRODUCT_NAME = "$(TARGET_NAME)";
				SWIFT_EMIT_LOC_STRINGS = NO;
				SWIFT_VERSION = 5.0;
				TARGETED_DEVICE_FAMILY = "1,2";
				TEST_TARGET_NAME = SimpleWeatherApp;
			};
			name = Release;
		};
/* End XCBuildConfiguration section */

/* Begin XCConfigurationList section */
		D3ADAA332D3D924300BB6D18 /* Build configuration list for PBXProject "SimpleWeatherApp" */ = {
			isa = XCConfigurationList;
			buildConfigurations = (
				D3ADAA602D3D924600BB6D18 /* Debug */,
				D3ADAA612D3D924600BB6D18 /* Release */,
			);
			defaultConfigurationIsVisible = 0;
			defaultConfigurationName = Release;
		};
		D3ADAA622D3D924600BB6D18 /* Build configuration list for PBXNativeTarget "SimpleWeatherApp" */ = {
			isa = XCConfigurationList;
			buildConfigurations = (
				D3ADAA632D3D924600BB6D18 /* Debug */,
				D3ADAA642D3D924600BB6D18 /* Release */,
			);
			defaultConfigurationIsVisible = 0;
			defaultConfigurationName = Release;
		};
		D3ADAA652D3D924600BB6D18 /* Build configuration list for PBXNativeTarget "SimpleWeatherAppTests" */ = {
			isa = XCConfigurationList;
			buildConfigurations = (
				D3ADAA662D3D924600BB6D18 /* Debug */,
				D3ADAA672D3D924600BB6D18 /* Release */,
			);
			defaultConfigurationIsVisible = 0;
			defaultConfigurationName = Release;
		};
		D3ADAA682D3D924600BB6D18 /* Build configuration list for PBXNativeTarget "SimpleWeatherAppUITests" */ = {
			isa = XCConfigurationList;
			buildConfigurations = (
				D3ADAA692D3D924600BB6D18 /* Debug */,
				D3ADAA6A2D3D924600BB6D18 /* Release */,
			);
			defaultConfigurationIsVisible = 0;
			defaultConfigurationName = Release;
		};
/* End XCConfigurationList section */
	};
	rootObject = D3ADAA302D3D924300BB6D18 /* Project object */;
}
